
Microsoft Visual Studio Solution File, Format Version 12.00
# Visual Studio Version 17
VisualStudioVersion = 17.4.33213.308
MinimumVisualStudioVersion = 10.0.40219.1
Project("{8BC9CEB8-8B4A-11D0-8D11-00A0C91BC942}") = "LAB4.2", "LAB4.2\LAB4.2.vcxproj", "{AC3A7D10-0231-4E2F-B84F-D2A874A6242D}"
EndProject
Global
	GlobalSection(SolutionConfigurationPlatforms) = preSolution
		Debug|x64 = Debug|x64
		Debug|x86 = Debug|x86
		Release|x64 = Release|x64
		Release|x86 = Release|x86
	EndGlobalSection
	GlobalSection(ProjectConfigurationPlatforms) = postSolution
		{AC3A7D10-0231-4E2F-B84F-D2A874A6242D}.Debug|x64.ActiveCfg = Debug|x64
		{AC3A7D10-0231-4E2F-B84F-D2A874A6242D}.Debug|x64.Build.0 = Debug|x64
		{AC3A7D10-0231-4E2F-B84F-D2A874A6242D}.Debug|x86.ActiveCfg = Debug|Win32
		{AC3A7D10-0231-4E2F-B84F-D2A874A6242D}.Debug|x86.Build.0 = Debug|Win32
		{AC3A7D10-0231-4E2F-B84F-D2A874A6242D}.Release|x64.ActiveCfg = Release|x64
		{AC3A7D10-0231-4E2F-B84F-D2A874A6242D}.Release|x64.Build.0 = Release|x64
		{AC3A7D10-0231-4E2F-B84F-D2A874A6242D}.Release|x86.ActiveCfg = Release|Win32
		{AC3A7D10-0231-4E2F-B84F-D2A874A6242D}.Release|x86.Build.0 = Release|Win32
	EndGlobalSection
	GlobalSection(SolutionProperties) = preSolution
		HideSolutionNode = FALSE
	EndGlobalSection
	GlobalSection(ExtensibilityGlobals) = postSolution
		SolutionGuid = {737304C2-23E7-4E66-B5D5-13E123EF3A86}
	EndGlobalSection
EndGlobal
